
Microsoft Visual Studio Solution File, Format Version 12.00
# Visual Studio Version 17
VisualStudioVersion = 17.2.32630.192
MinimumVisualStudioVersion = 10.0.40219.1
Project("{8BC9CEB8-8B4A-11D0-8D11-00A0C91BC942}") = "functional", "functional\functional.vcxproj", "{B4BF002B-AA94-423F-BFC6-CBBD4C827896}"
EndProject
Global
	GlobalSection(SolutionConfigurationPlatforms) = preSolution
		Debug|x64 = Debug|x64
		Debug|x86 = Debug|x86
		Release|x64 = Release|x64
		Release|x86 = Release|x86
	EndGlobalSection
	GlobalSection(ProjectConfigurationPlatforms) = postSolution
		{B4BF002B-AA94-423F-BFC6-CBBD4C827896}.Debug|x64.ActiveCfg = Debug|x64
		{B4BF002B-AA94-423F-BFC6-CBBD4C827896}.Debug|x64.Build.0 = Debug|x64
		{B4BF002B-AA94-423F-BFC6-CBBD4C827896}.Debug|x86.ActiveCfg = Debug|Win32
		{B4BF002B-AA94-423F-BFC6-CBBD4C827896}.Debug|x86.Build.0 = Debug|Win32
		{B4BF002B-AA94-423F-BFC6-CBBD4C827896}.Release|x64.ActiveCfg = Release|x64
		{B4BF002B-AA94-423F-BFC6-CBBD4C827896}.Release|x64.Build.0 = Release|x64
		{B4BF002B-AA94-423F-BFC6-CBBD4C827896}.Release|x86.ActiveCfg = Release|Win32
		{B4BF002B-AA94-423F-BFC6-CBBD4C827896}.Release|x86.Build.0 = Release|Win32
	EndGlobalSection
	GlobalSection(SolutionProperties) = preSolution
		HideSolutionNode = FALSE
	EndGlobalSection
	GlobalSection(ExtensibilityGlobals) = postSolution
		SolutionGuid = {2123643F-FC64-4C2B-913F-53C60E53710B}
	EndGlobalSection
EndGlobal
